// !$*UTF8*$!
{
	archiveVersion = 1;
	classes = {
	};
	objectVersion = 51;
	objects = {

/* Begin PBXBuildFile section */
		37D44BBC887F9F649A896CE5 /* Pods_Quiz_Swiftui.framework in Frameworks */ = {isa = PBXBuildFile; fileRef = 9B4ED821753AC9FE292EB8E0 /* Pods_Quiz_Swiftui.framework */; };
		9F886EEC25743F980069B05F /* GoogleService-Info.plist in Resources */ = {isa = PBXBuildFile; fileRef = 9F886EEB25743F980069B05F /* GoogleService-Info.plist */; };
		9FAF9D2C257420E600428177 /* Quiz_SwiftuiApp.swift in Sources */ = {isa = PBXBuildFile; fileRef = 9FAF9D2B257420E600428177 /* Quiz_SwiftuiApp.swift */; };
		9FAF9D2E257420E600428177 /* ContentView.swift in Sources */ = {isa = PBXBuildFile; fileRef = 9FAF9D2D257420E600428177 /* ContentView.swift */; };
		9FAF9D30257420E700428177 /* Assets.xcassets in Resources */ = {isa = PBXBuildFile; fileRef = 9FAF9D2F257420E700428177 /* Assets.xcassets */; };
		9FAF9D33257420E700428177 /* Preview Assets.xcassets in Resources */ = {isa = PBXBuildFile; fileRef = 9FAF9D32257420E700428177 /* Preview Assets.xcassets */; };
		9FAF9D572574216B00428177 /* Home.swift in Sources */ = {isa = PBXBuildFile; fileRef = 9FAF9D562574216B00428177 /* Home.swift */; };
		9FAF9D5A2574218C00428177 /* QAView.swift in Sources */ = {isa = PBXBuildFile; fileRef = 9FAF9D592574218C00428177 /* QAView.swift */; };
		9FAF9D5E257421A300428177 /* QuestionView.swift in Sources */ = {isa = PBXBuildFile; fileRef = 9FAF9D5D257421A300428177 /* QuestionView.swift */; };
		9FAF9D62257421AB00428177 /* Question.swift in Sources */ = {isa = PBXBuildFile; fileRef = 9FAF9D61257421AB00428177 /* Question.swift */; };
		9FAF9D65257421B600428177 /* QuestionViewModel.swift in Sources */ = {isa = PBXBuildFile; fileRef = 9FAF9D64257421B600428177 /* QuestionViewModel.swift */; };
/* End PBXBuildFile section */

/* Begin PBXFileReference section */
		2EFAC8E0AC5962D06FA0EC73 /* Pods-Quiz Swiftui.release.xcconfig */ = {isa = PBXFileReference; includeInIndex = 1; lastKnownFileType = text.xcconfig; name = "Pods-Quiz Swiftui.release.xcconfig"; path = "Target Support Files/Pods-Quiz Swiftui/Pods-Quiz Swiftui.release.xcconfig"; sourceTree = "<group>"; };
		7A44C5F8E7A78E1F4B173EEB /* Pods-Quiz Swiftui.debug.xcconfig */ = {isa = PBXFileReference; includeInIndex = 1; lastKnownFileType = text.xcconfig; name = "Pods-Quiz Swiftui.debug.xcconfig"; path = "Target Support Files/Pods-Quiz Swiftui/Pods-Quiz Swiftui.debug.xcconfig"; sourceTree = "<group>"; };
		9B4ED821753AC9FE292EB8E0 /* Pods_Quiz_Swiftui.framework */ = {isa = PBXFileReference; explicitFileType = wrapper.framework; includeInIndex = 0; path = Pods_Quiz_Swiftui.framework; sourceTree = BUILT_PRODUCTS_DIR; };
		9F886EEB25743F980069B05F /* GoogleService-Info.plist */ = {isa = PBXFileReference; fileEncoding = 4; lastKnownFileType = text.plist.xml; path = "GoogleService-Info.plist"; sourceTree = "<group>"; };
		9FAF9D28257420E600428177 /* Quiz Swiftui.app */ = {isa = PBXFileReference; explicitFileType = wrapper.application; includeInIndex = 0; path = "Quiz Swiftui.app"; sourceTree = BUILT_PRODUCTS_DIR; };
		9FAF9D2B257420E600428177 /* Quiz_SwiftuiApp.swift */ = {isa = PBXFileReference; lastKnownFileType = sourcecode.swift; path = Quiz_SwiftuiApp.swift; sourceTree = "<group>"; };
		9FAF9D2D257420E600428177 /* ContentView.swift */ = {isa = PBXFileReference; lastKnownFileType = sourcecode.swift; path = ContentView.swift; sourceTree = "<group>"; };
		9FAF9D2F257420E700428177 /* Assets.xcassets */ = {isa = PBXFileReference; lastKnownFileType = folder.assetcatalog; path = Assets.xcassets; sourceTree = "<group>"; };
		9FAF9D32257420E700428177 /* Preview Assets.xcassets */ = {isa = PBXFileReference; lastKnownFileType = folder.assetcatalog; path = "Preview Assets.xcassets"; sourceTree = "<group>"; };
		9FAF9D34257420E700428177 /* Info.plist */ = {isa = PBXFileReference; lastKnownFileType = text.plist.xml; path = Info.plist; sourceTree = "<group>"; };
		9FAF9D562574216B00428177 /* Home.swift */ = {isa = PBXFileReference; lastKnownFileType = sourcecode.swift; path = Home.swift; sourceTree = "<group>"; };
		9FAF9D592574218C00428177 /* QAView.swift */ = {isa = PBXFileReference; lastKnownFileType = sourcecode.swift; path = QAView.swift; sourceTree = "<group>"; };
		9FAF9D5D257421A300428177 /* QuestionView.swift */ = {isa = PBXFileReference; lastKnownFileType = sourcecode.swift; path = QuestionView.swift; sourceTree = "<group>"; };
		9FAF9D61257421AB00428177 /* Question.swift */ = {isa = PBXFileReference; fileEncoding = 4; lastKnownFileType = sourcecode.swift; path = Question.swift; sourceTree = "<group>"; };
		9FAF9D64257421B600428177 /* QuestionViewModel.swift */ = {isa = PBXFileReference; fileEncoding = 4; lastKnownFileType = sourcecode.swift; path = QuestionViewModel.swift; sourceTree = "<group>"; };
/* End PBXFileReference section */

/* Begin PBXFrameworksBuildPhase section */
		9FAF9D25257420E500428177 /* Frameworks */ = {
			isa = PBXFrameworksBuildPhase;
			buildActionMask = 2147483647;
			files = (
				37D44BBC887F9F649A896CE5 /* Pods_Quiz_Swiftui.framework in Frameworks */,
			);
			runOnlyForDeploymentPostprocessing = 0;
		};
/* End PBXFrameworksBuildPhase section */

/* Begin PBXGroup section */
		9820EC0522583471320E9FA8 /* Frameworks */ = {
			isa = PBXGroup;
			children = (
				9B4ED821753AC9FE292EB8E0 /* Pods_Quiz_Swiftui.framework */,
			);
			name = Frameworks;
			sourceTree = "<group>";
		};
		9FAF9D1F257420E500428177 = {
			isa = PBXGroup;
			children = (
				9FAF9D2A257420E600428177 /* Quiz Swiftui */,
				9FAF9D29257420E600428177 /* Products */,
				F88F0932E40460D181333781 /* Pods */,
				9820EC0522583471320E9FA8 /* Frameworks */,
			);
			sourceTree = "<group>";
		};
		9FAF9D29257420E600428177 /* Products */ = {
			isa = PBXGroup;
			children = (
				9FAF9D28257420E600428177 /* Quiz Swiftui.app */,
			);
			name = Products;
			sourceTree = "<group>";
		};
		9FAF9D2A257420E600428177 /* Quiz Swiftui */ = {
			isa = PBXGroup;
			children = (
				9FAF9D2B257420E600428177 /* Quiz_SwiftuiApp.swift */,
				9FAF9D522574214E00428177 /* viewmodel */,
				9FAF9D512574214800428177 /* model */,
				9FAF9D532574215500428177 /* scenes */,
				9FAF9D2F257420E700428177 /* Assets.xcassets */,
				9FAF9D34257420E700428177 /* Info.plist */,
				9F886EEB25743F980069B05F /* GoogleService-Info.plist */,
				9FAF9D31257420E700428177 /* Preview Content */,
			);
			path = "Quiz Swiftui";
			sourceTree = "<group>";
		};
		9FAF9D31257420E700428177 /* Preview Content */ = {
			isa = PBXGroup;
			children = (
				9FAF9D32257420E700428177 /* Preview Assets.xcassets */,
			);
			path = "Preview Content";
			sourceTree = "<group>";
		};
		9FAF9D512574214800428177 /* model */ = {
			isa = PBXGroup;
			children = (
				9FAF9D61257421AB00428177 /* Question.swift */,
			);
			path = model;
			sourceTree = "<group>";
		};
		9FAF9D522574214E00428177 /* viewmodel */ = {
			isa = PBXGroup;
			children = (
				9FAF9D64257421B600428177 /* QuestionViewModel.swift */,
			);
			path = viewmodel;
			sourceTree = "<group>";
		};
		9FAF9D532574215500428177 /* scenes */ = {
			isa = PBXGroup;
			children = (
				9FAF9D2D257420E600428177 /* ContentView.swift */,
				9FAF9D562574216B00428177 /* Home.swift */,
				9FAF9D5C2574219500428177 /* question */,
			);
			path = scenes;
			sourceTree = "<group>";
		};
		9FAF9D5C2574219500428177 /* question */ = {
			isa = PBXGroup;
			children = (
				9FAF9D592574218C00428177 /* QAView.swift */,
				9FAF9D5D257421A300428177 /* QuestionView.swift */,
			);
			path = question;
			sourceTree = "<group>";
		};
		F88F0932E40460D181333781 /* Pods */ = {
			isa = PBXGroup;
			children = (
				7A44C5F8E7A78E1F4B173EEB /* Pods-Quiz Swiftui.debug.xcconfig */,
				2EFAC8E0AC5962D06FA0EC73 /* Pods-Quiz Swiftui.release.xcconfig */,
			);
			path = Pods;
			sourceTree = "<group>";
		};
/* End PBXGroup section */

/* Begin PBXNativeTarget section */
		9FAF9D27257420E500428177 /* Quiz Swiftui */ = {
			isa = PBXNativeTarget;
			buildConfigurationList = 9FAF9D37257420E700428177 /* Build configuration list for PBXNativeTarget "Quiz Swiftui" */;
			buildPhases = (
				E0C2A810562EE0CE6CF02EAD /* [CP] Check Pods Manifest.lock */,
				9FAF9D24257420E500428177 /* Sources */,
				9FAF9D25257420E500428177 /* Frameworks */,
				9FAF9D26257420E500428177 /* Resources */,
				85363ADED45CF55BB427BF95 /* [CP] Embed Pods Frameworks */,
			);
			buildRules = (
			);
			dependencies = (
			);
			name = "Quiz Swiftui";
			productName = "Quiz Swiftui";
			productReference = 9FAF9D28257420E600428177 /* Quiz Swiftui.app */;
			productType = "com.apple.product-type.application";
		};
/* End PBXNativeTarget section */

/* Begin PBXProject section */
		9FAF9D20257420E500428177 /* Project object */ = {
			isa = PBXProject;
			attributes = {
				LastSwiftUpdateCheck = 1200;
				LastUpgradeCheck = 1200;
				TargetAttributes = {
					9FAF9D27257420E500428177 = {
						CreatedOnToolsVersion = 12.0;
					};
				};
			};
			buildConfigurationList = 9FAF9D23257420E500428177 /* Build configuration list for PBXProject "Quiz Swiftui" */;
			compatibilityVersion = "Xcode 9.3";
			developmentRegion = en;
			hasScannedForEncodings = 0;
			knownRegions = (
				en,
				Base,
			);
			mainGroup = 9FAF9D1F257420E500428177;
			productRefGroup = 9FAF9D29257420E600428177 /* Products */;
			projectDirPath = "";
			projectRoot = "";
			targets = (
				9FAF9D27257420E500428177 /* Quiz Swiftui */,
			);
		};
/* End PBXProject section */

/* Begin PBXResourcesBuildPhase section */
		9FAF9D26257420E500428177 /* Resources */ = {
			isa = PBXResourcesBuildPhase;
			buildActionMask = 2147483647;
			files = (
				9FAF9D33257420E700428177 /* Preview Assets.xcassets in Resources */,
				9FAF9D30257420E700428177 /* Assets.xcassets in Resources */,
				9F886EEC25743F980069B05F /* GoogleService-Info.plist in Resources */,
			);
			runOnlyForDeploymentPostprocessing = 0;
		};
/* End PBXResourcesBuildPhase section */

/* Begin PBXShellScriptBuildPhase section */
		85363ADED45CF55BB427BF95 /* [CP] Embed Pods Frameworks */ = {
			isa = PBXShellScriptBuildPhase;
			buildActionMask = 2147483647;
			files = (
			);
			inputFileListPaths = (
				"${PODS_ROOT}/Target Support Files/Pods-Quiz Swiftui/Pods-Quiz Swiftui-frameworks-${CONFIGURATION}-input-files.xcfilelist",
			);
			name = "[CP] Embed Pods Frameworks";
			outputFileListPaths = (
				"${PODS_ROOT}/Target Support Files/Pods-Quiz Swiftui/Pods-Quiz Swiftui-frameworks-${CONFIGURATION}-output-files.xcfilelist",
			);
			runOnlyForDeploymentPostprocessing = 0;
			shellPath = /bin/sh;
			shellScript = "\"${PODS_ROOT}/Target Support Files/Pods-Quiz Swiftui/Pods-Quiz Swiftui-frameworks.sh\"\n";
			showEnvVarsInLog = 0;
		};
		E0C2A810562EE0CE6CF02EAD /* [CP] Check Pods Manifest.lock */ = {
			isa = PBXShellScriptBuildPhase;
			buildActionMask = 2147483647;
			files = (
			);
			inputFileListPaths = (
			);
			inputPaths = (
				"${PODS_PODFILE_DIR_PATH}/Podfile.lock",
				"${PODS_ROOT}/Manifest.lock",
			);
			name = "[CP] Check Pods Manifest.lock";
			outputFileListPaths = (
			);
			outputPaths = (
				"$(DERIVED_FILE_DIR)/Pods-Quiz Swiftui-checkManifestLockResult.txt",
			);
			runOnlyForDeploymentPostprocessing = 0;
			shellPath = /bin/sh;
			shellScript = "diff \"${PODS_PODFILE_DIR_PATH}/Podfile.lock\" \"${PODS_ROOT}/Manifest.lock\" > /dev/null\nif [ $? != 0 ] ; then\n    # print error to STDERR\n    echo \"error: The sandbox is not in sync with the Podfile.lock. Run 'pod install' or update your CocoaPods installation.\" >&2\n    exit 1\nfi\n# This output is used by Xcode 'outputs' to avoid re-running this script phase.\necho \"SUCCESS\" > \"${SCRIPT_OUTPUT_FILE_0}\"\n";
			showEnvVarsInLog = 0;
		};
/* End PBXShellScriptBuildPhase section */

/* Begin PBXSourcesBuildPhase section */
		9FAF9D24257420E500428177 /* Sources */ = {
			isa = PBXSourcesBuildPhase;
			buildActionMask = 2147483647;
			files = (
				9FAF9D5E257421A300428177 /* QuestionView.swift in Sources */,
				9FAF9D65257421B600428177 /* QuestionViewModel.swift in Sources */,
				9FAF9D5A2574218C00428177 /* QAView.swift in Sources */,
				9FAF9D2E257420E600428177 /* ContentView.swift in Sources */,
				9FAF9D62257421AB00428177 /* Question.swift in Sources */,
				9FAF9D572574216B00428177 /* Home.swift in Sources */,
				9FAF9D2C257420E600428177 /* Quiz_SwiftuiApp.swift in Sources */,
			);
			runOnlyForDeploymentPostprocessing = 0;
		};
/* End PBXSourcesBuildPhase section */

/* Begin XCBuildConfiguration section */
		9FAF9D35257420E700428177 /* Debug */ = {
			isa = XCBuildConfiguration;
			buildSettings = {
				ALWAYS_SEARCH_USER_PATHS = NO;
				CLANG_ANALYZER_NONNULL = YES;
				CLANG_ANALYZER_NUMBER_OBJECT_CONVERSION = YES_AGGRESSIVE;
				CLANG_CXX_LANGUAGE_STANDARD = "gnu++14";
				CLANG_CXX_LIBRARY = "libc++";
				CLANG_ENABLE_MODULES = YES;
				CLANG_ENABLE_OBJC_ARC = YES;
				CLANG_ENABLE_OBJC_WEAK = YES;
				CLANG_WARN_BLOCK_CAPTURE_AUTORELEASING = YES;
				CLANG_WARN_BOOL_CONVERSION = YES;
				CLANG_WARN_COMMA = YES;
				CLANG_WARN_CONSTANT_CONVERSION = YES;
				CLANG_WARN_DEPRECATED_OBJC_IMPLEMENTATIONS = YES;
				CLANG_WARN_DIRECT_OBJC_ISA_USAGE = YES_ERROR;
				CLANG_WARN_DOCUMENTATION_COMMENTS = YES;
				CLANG_WARN_EMPTY_BODY = YES;
				CLANG_WARN_ENUM_CONVERSION = YES;
				CLANG_WARN_INFINITE_RECURSION = YES;
				CLANG_WARN_INT_CONVERSION = YES;
				CLANG_WARN_NON_LITERAL_NULL_CONVERSION = YES;
				CLANG_WARN_OBJC_IMPLICIT_RETAIN_SELF = YES;
				CLANG_WARN_OBJC_LITERAL_CONVERSION = YES;
				CLANG_WARN_OBJC_ROOT_CLASS = YES_ERROR;
				CLANG_WARN_QUOTED_INCLUDE_IN_FRAMEWORK_HEADER = YES;
				CLANG_WARN_RANGE_LOOP_ANALYSIS = YES;
				CLANG_WARN_STRICT_PROTOTYPES = YES;
				CLANG_WARN_SUSPICIOUS_MOVE = YES;
				CLANG_WARN_UNGUARDED_AVAILABILITY = YES_AGGRESSIVE;
				CLANG_WARN_UNREACHABLE_CODE = YES;
				CLANG_WARN__DUPLICATE_METHOD_MATCH = YES;
				COPY_PHASE_STRIP = NO;
				DEBUG_INFORMATION_FORMAT = dwarf;
				ENABLE_STRICT_OBJC_MSGSEND = YES;
				ENABLE_TESTABILITY = YES;
				GCC_C_LANGUAGE_STANDARD = gnu11;
				GCC_DYNAMIC_NO_PIC = NO;
				GCC_NO_COMMON_BLOCKS = YES;
				GCC_OPTIMIZATION_LEVEL = 0;
				GCC_PREPROCESSOR_DEFINITIONS = (
					"DEBUG=1",
					"$(inherited)",
				);
				GCC_WARN_64_TO_32_BIT_CONVERSION = YES;
				GCC_WARN_ABOUT_RETURN_TYPE = YES_ERROR;
				GCC_WARN_UNDECLARED_SELECTOR = YES;
				GCC_WARN_UNINITIALIZED_AUTOS = YES_AGGRESSIVE;
				GCC_WARN_UNUSED_FUNCTION = YES;
				GCC_WARN_UNUSED_VARIABLE = YES;
				IPHONEOS_DEPLOYMENT_TARGET = 14.0;
				MTL_ENABLE_DEBUG_INFO = INCLUDE_SOURCE;
				MTL_FAST_MATH = YES;
				ONLY_ACTIVE_ARCH = YES;
				SDKROOT = iphoneos;
				SWIFT_ACTIVE_COMPILATION_CONDITIONS = DEBUG;
				SWIFT_OPTIMIZATION_LEVEL = "-Onone";
			};
			name = Debug;
		};
		9FAF9D36257420E700428177 /* Release */ = {
			isa = XCBuildConfiguration;
			buildSettings = {
				ALWAYS_SEARCH_USER_PATHS = NO;
				CLANG_ANALYZER_NONNULL = YES;
				CLANG_ANALYZER_NUMBER_OBJECT_CONVERSION = YES_AGGRESSIVE;
				CLANG_CXX_LANGUAGE_STANDARD = "gnu++14";
				CLANG_CXX_LIBRARY = "libc++";
				CLANG_ENABLE_MODULES = YES;
				CLANG_ENABLE_OBJC_ARC = YES;
				CLANG_ENABLE_OBJC_WEAK = YES;
				CLANG_WARN_BLOCK_CAPTURE_AUTORELEASING = YES;
				CLANG_WARN_BOOL_CONVERSION = YES;
				CLANG_WARN_COMMA = YES;
				CLANG_WARN_CONSTANT_CONVERSION = YES;
				CLANG_WARN_DEPRECATED_OBJC_IMPLEMENTATIONS = YES;
				CLANG_WARN_DIRECT_OBJC_ISA_USAGE = YES_ERROR;
				CLANG_WARN_DOCUMENTATION_COMMENTS = YES;
				CLANG_WARN_EMPTY_BODY = YES;
				CLANG_WARN_ENUM_CONVERSION = YES;
				CLANG_WARN_INFINITE_RECURSION = YES;
				CLANG_WARN_INT_CONVERSION = YES;
				CLANG_WARN_NON_LITERAL_NULL_CONVERSION = YES;
				CLANG_WARN_OBJC_IMPLICIT_RETAIN_SELF = YES;
				CLANG_WARN_OBJC_LITERAL_CONVERSION = YES;
				CLANG_WARN_OBJC_ROOT_CLASS = YES_ERROR;
				CLANG_WARN_QUOTED_INCLUDE_IN_FRAMEWORK_HEADER = YES;
				CLANG_WARN_RANGE_LOOP_ANALYSIS = YES;
				CLANG_WARN_STRICT_PROTOTYPES = YES;
				CLANG_WARN_SUSPICIOUS_MOVE = YES;
				CLANG_WARN_UNGUARDED_AVAILABILITY = YES_AGGRESSIVE;
				CLANG_WARN_UNREACHABLE_CODE = YES;
				CLANG_WARN__DUPLICATE_METHOD_MATCH = YES;
				COPY_PHASE_STRIP = NO;
				DEBUG_INFORMATION_FORMAT = "dwarf-with-dsym";
				ENABLE_NS_ASSERTIONS = NO;
				ENABLE_STRICT_OBJC_MSGSEND = YES;
				GCC_C_LANGUAGE_STANDARD = gnu11;
				GCC_NO_COMMON_BLOCKS = YES;
				GCC_WARN_64_TO_32_BIT_CONVERSION = YES;
				GCC_WARN_ABOUT_RETURN_TYPE = YES_ERROR;
				GCC_WARN_UNDECLARED_SELECTOR = YES;
				GCC_WARN_UNINITIALIZED_AUTOS = YES_AGGRESSIVE;
				GCC_WARN_UNUSED_FUNCTION = YES;
				GCC_WARN_UNUSED_VARIABLE = YES;
				IPHONEOS_DEPLOYMENT_TARGET = 14.0;
				MTL_ENABLE_DEBUG_INFO = NO;
				MTL_FAST_MATH = YES;
				SDKROOT = iphoneos;
				SWIFT_COMPILATION_MODE = wholemodule;
				SWIFT_OPTIMIZATION_LEVEL = "-O";
				VALIDATE_PRODUCT = YES;
			};
			name = Release;
		};
		9FAF9D38257420E700428177 /* Debug */ = {
			isa = XCBuildConfiguration;
			baseConfigurationReference = 7A44C5F8E7A78E1F4B173EEB /* Pods-Quiz Swiftui.debug.xcconfig */;
			buildSettings = {
				ASSETCATALOG_COMPILER_APPICON_NAME = AppIcon;
				ASSETCATALOG_COMPILER_GLOBAL_ACCENT_COLOR_NAME = AccentColor;
				CODE_SIGN_STYLE = Automatic;
				DEVELOPMENT_ASSET_PATHS = "\"Quiz Swiftui/Preview Content\"";
				DEVELOPMENT_TEAM = 5RTZJMVRS2;
				ENABLE_PREVIEWS = YES;
				INFOPLIST_FILE = "Quiz Swiftui/Info.plist";
				IPHONEOS_DEPLOYMENT_TARGET = 14.0;
				LD_RUNPATH_SEARCH_PATHS = (
					"$(inherited)",
					"@executable_path/Frameworks",
				);
				PRODUCT_BUNDLE_IDENTIFIER = "com.hosam.net.Quiz-Swiftui";
				PRODUCT_NAME = "$(TARGET_NAME)";
				SWIFT_VERSION = 5.0;
				TARGETED_DEVICE_FAMILY = "1,2";
			};
			name = Debug;
		};
		9FAF9D39257420E700428177 /* Release */ = {
			isa = XCBuildConfiguration;
			baseConfigurationReference = 2EFAC8E0AC5962D06FA0EC73 /* Pods-Quiz Swiftui.release.xcconfig */;
			buildSettings = {
				ASSETCATALOG_COMPILER_APPICON_NAME = AppIcon;
				ASSETCATALOG_COMPILER_GLOBAL_ACCENT_COLOR_NAME = AccentColor;
				CODE_SIGN_STYLE = Automatic;
				DEVELOPMENT_ASSET_PATHS = "\"Quiz Swiftui/Preview Content\"";
				DEVELOPMENT_TEAM = 5RTZJMVRS2;
				ENABLE_PREVIEWS = YES;
				INFOPLIST_FILE = "Quiz Swiftui/Info.plist";
				IPHONEOS_DEPLOYMENT_TARGET = 14.0;
				LD_RUNPATH_SEARCH_PATHS = (
					"$(inherited)",
					"@executable_path/Frameworks",
				);
				PRODUCT_BUNDLE_IDENTIFIER = "com.hosam.net.Quiz-Swiftui";
				PRODUCT_NAME = "$(TARGET_NAME)";
				SWIFT_VERSION = 5.0;
				TARGETED_DEVICE_FAMILY = "1,2";
			};
			name = Release;
		};
/* End XCBuildConfiguration section */

/* Begin XCConfigurationList section */
		9FAF9D23257420E500428177 /* Build configuration list for PBXProject "Quiz Swiftui" */ = {
			isa = XCConfigurationList;
			buildConfigurations = (
				9FAF9D35257420E700428177 /* Debug */,
				9FAF9D36257420E700428177 /* Release */,
			);
			defaultConfigurationIsVisible = 0;
			defaultConfigurationName = Release;
		};
		9FAF9D37257420E700428177 /* Build configuration list for PBXNativeTarget "Quiz Swiftui" */ = {
			isa = XCConfigurationList;
			buildConfigurations = (
				9FAF9D38257420E700428177 /* Debug */,
				9FAF9D39257420E700428177 /* Release */,
			);
			defaultConfigurationIsVisible = 0;
			defaultConfigurationName = Release;
		};
/* End XCConfigurationList section */
	};
	rootObject = 9FAF9D20257420E500428177 /* Project object */;
}
